
Microsoft Visual Studio Solution File, Format Version 12.00
# Visual Studio Version 17
VisualStudioVersion = 17.12.35527.113
MinimumVisualStudioVersion = 10.0.40219.1
Project("{FAE04EC0-301F-11D3-BF4B-00C04F79EFBC}") = "FiveWordsFiveLetters", "FiveWordsFiveLetters\FiveWordsFiveLetters.csproj", "{927F27C1-5330-4EF3-A44C-3307A14CE999}"
EndProject
Project("{FAE04EC0-301F-11D3-BF4B-00C04F79EFBC}") = "CollectionTester", "..\..\..\Desktop\assignment-collection-test-master\CollectionTester.csproj", "{6B1CDFE8-E3A6-47E5-BA2C-CAD03EA28DA5}"
EndProject
Project("{FAE04EC0-301F-11D3-BF4B-00C04F79EFBC}") = "pocThreads", "..\..\..\Desktop\poc-Threads-master\pocThreads.csproj", "{F4EC27B8-6BA3-485B-A76F-E4AAA45D9A51}"
EndProject
Project("{FAE04EC0-301F-11D3-BF4B-00C04F79EFBC}") = "FiveWordsFiveLettersCL", "FiveWordsFiveLettersCL\FiveWordsFiveLettersCL.csproj", "{7A24F236-2850-4231-B247-BDC2B759234F}"
EndProject
Project("{FAE04EC0-301F-11D3-BF4B-00C04F79EFBC}") = "FiveWordsFiveLettersGUI", "FiveWordsFiveLettersGUI\FiveWordsFiveLettersGUI.csproj", "{77673617-167E-4D42-87F6-C6AE442B96F3}"
EndProject
Global
	GlobalSection(SolutionConfigurationPlatforms) = preSolution
		Debug|Any CPU = Debug|Any CPU
		Release|Any CPU = Release|Any CPU
	EndGlobalSection
	GlobalSection(ProjectConfigurationPlatforms) = postSolution
		{927F27C1-5330-4EF3-A44C-3307A14CE999}.Debug|Any CPU.ActiveCfg = Debug|Any CPU
		{927F27C1-5330-4EF3-A44C-3307A14CE999}.Debug|Any CPU.Build.0 = Debug|Any CPU
		{927F27C1-5330-4EF3-A44C-3307A14CE999}.Release|Any CPU.ActiveCfg = Release|Any CPU
		{927F27C1-5330-4EF3-A44C-3307A14CE999}.Release|Any CPU.Build.0 = Release|Any CPU
		{6B1CDFE8-E3A6-47E5-BA2C-CAD03EA28DA5}.Debug|Any CPU.ActiveCfg = Debug|Any CPU
		{6B1CDFE8-E3A6-47E5-BA2C-CAD03EA28DA5}.Debug|Any CPU.Build.0 = Debug|Any CPU
		{6B1CDFE8-E3A6-47E5-BA2C-CAD03EA28DA5}.Release|Any CPU.ActiveCfg = Release|Any CPU
		{6B1CDFE8-E3A6-47E5-BA2C-CAD03EA28DA5}.Release|Any CPU.Build.0 = Release|Any CPU
		{F4EC27B8-6BA3-485B-A76F-E4AAA45D9A51}.Debug|Any CPU.ActiveCfg = Debug|Any CPU
		{F4EC27B8-6BA3-485B-A76F-E4AAA45D9A51}.Debug|Any CPU.Build.0 = Debug|Any CPU
		{F4EC27B8-6BA3-485B-A76F-E4AAA45D9A51}.Release|Any CPU.ActiveCfg = Release|Any CPU
		{F4EC27B8-6BA3-485B-A76F-E4AAA45D9A51}.Release|Any CPU.Build.0 = Release|Any CPU
		{7A24F236-2850-4231-B247-BDC2B759234F}.Debug|Any CPU.ActiveCfg = Debug|Any CPU
		{7A24F236-2850-4231-B247-BDC2B759234F}.Debug|Any CPU.Build.0 = Debug|Any CPU
		{7A24F236-2850-4231-B247-BDC2B759234F}.Release|Any CPU.ActiveCfg = Release|Any CPU
		{7A24F236-2850-4231-B247-BDC2B759234F}.Release|Any CPU.Build.0 = Release|Any CPU
		{77673617-167E-4D42-87F6-C6AE442B96F3}.Debug|Any CPU.ActiveCfg = Debug|Any CPU
		{77673617-167E-4D42-87F6-C6AE442B96F3}.Debug|Any CPU.Build.0 = Debug|Any CPU
		{77673617-167E-4D42-87F6-C6AE442B96F3}.Release|Any CPU.ActiveCfg = Release|Any CPU
		{77673617-167E-4D42-87F6-C6AE442B96F3}.Release|Any CPU.Build.0 = Release|Any CPU
	EndGlobalSection
	GlobalSection(SolutionProperties) = preSolution
		HideSolutionNode = FALSE
	EndGlobalSection
EndGlobal
